// !$*UTF8*$!
{
	archiveVersion = 1;
	classes = {
	};
	objectVersion = 55;
	objects = {

/* Begin PBXBuildFile section */
		794E728D28CFB1F2003596CA /* AppDelegate.swift in Sources */ = {isa = PBXBuildFile; fileRef = 794E728C28CFB1F2003596CA /* AppDelegate.swift */; };
		794E728F28CFB1F2003596CA /* SceneDelegate.swift in Sources */ = {isa = PBXBuildFile; fileRef = 794E728E28CFB1F2003596CA /* SceneDelegate.swift */; };
		794E729428CFB1F2003596CA /* Main.storyboard in Resources */ = {isa = PBXBuildFile; fileRef = 794E729228CFB1F2003596CA /* Main.storyboard */; };
		794E729628CFB1F5003596CA /* Assets.xcassets in Resources */ = {isa = PBXBuildFile; fileRef = 794E729528CFB1F5003596CA /* Assets.xcassets */; };
		794E729928CFB1F5003596CA /* LaunchScreen.storyboard in Resources */ = {isa = PBXBuildFile; fileRef = 794E729728CFB1F5003596CA /* LaunchScreen.storyboard */; };
		794E72A428CFB1F6003596CA /* WeatherAppTests.swift in Sources */ = {isa = PBXBuildFile; fileRef = 794E72A328CFB1F6003596CA /* WeatherAppTests.swift */; };
		794E72AE28CFB1F6003596CA /* WeatherAppUITests.swift in Sources */ = {isa = PBXBuildFile; fileRef = 794E72AD28CFB1F6003596CA /* WeatherAppUITests.swift */; };
		794E72B028CFB1F6003596CA /* WeatherAppUITestsLaunchTests.swift in Sources */ = {isa = PBXBuildFile; fileRef = 794E72AF28CFB1F6003596CA /* WeatherAppUITestsLaunchTests.swift */; };
		794E72C828CFB48F003596CA /* light_background.pdf in Resources */ = {isa = PBXBuildFile; fileRef = 794E72C728CFB48F003596CA /* light_background.pdf */; };
		794E72CA28CFB4C3003596CA /* light_background.pdf in Resources */ = {isa = PBXBuildFile; fileRef = 794E72C928CFB4C3003596CA /* light_background.pdf */; };
		794E72CE28CFBD3E003596CA /* WeatherManager.swift in Sources */ = {isa = PBXBuildFile; fileRef = 794E72C128CFB2C8003596CA /* WeatherManager.swift */; };
		794E72CF28CFBD3E003596CA /* WeatherModel.swift in Sources */ = {isa = PBXBuildFile; fileRef = 794E72C328CFB2D5003596CA /* WeatherModel.swift */; };
		794E72D028CFBD3E003596CA /* WeatherData.swift in Sources */ = {isa = PBXBuildFile; fileRef = 794E72BF28CFB2BA003596CA /* WeatherData.swift */; };
		794E72D228CFBD4C003596CA /* ViewController.swift in Sources */ = {isa = PBXBuildFile; fileRef = 794E729028CFB1F2003596CA /* ViewController.swift */; };
/* End PBXBuildFile section */

/* Begin PBXContainerItemProxy section */
		794E72A028CFB1F6003596CA /* PBXContainerItemProxy */ = {
			isa = PBXContainerItemProxy;
			containerPortal = 794E728128CFB1F2003596CA /* Project object */;
			proxyType = 1;
			remoteGlobalIDString = 794E728828CFB1F2003596CA;
			remoteInfo = WeatherApp;
		};
		794E72AA28CFB1F6003596CA /* PBXContainerItemProxy */ = {
			isa = PBXContainerItemProxy;
			containerPortal = 794E728128CFB1F2003596CA /* Project object */;
			proxyType = 1;
			remoteGlobalIDString = 794E728828CFB1F2003596CA;
			remoteInfo = WeatherApp;
		};
/* End PBXContainerItemProxy section */

/* Begin PBXFileReference section */
		794E728928CFB1F2003596CA /* WeatherApp.app */ = {isa = PBXFileReference; explicitFileType = wrapper.application; includeInIndex = 0; path = WeatherApp.app; sourceTree = BUILT_PRODUCTS_DIR; };
		794E728C28CFB1F2003596CA /* AppDelegate.swift */ = {isa = PBXFileReference; lastKnownFileType = sourcecode.swift; path = AppDelegate.swift; sourceTree = "<group>"; };
		794E728E28CFB1F2003596CA /* SceneDelegate.swift */ = {isa = PBXFileReference; lastKnownFileType = sourcecode.swift; path = SceneDelegate.swift; sourceTree = "<group>"; };
		794E729028CFB1F2003596CA /* ViewController.swift */ = {isa = PBXFileReference; lastKnownFileType = sourcecode.swift; path = ViewController.swift; sourceTree = "<group>"; };
		794E729328CFB1F2003596CA /* Base */ = {isa = PBXFileReference; lastKnownFileType = file.storyboard; name = Base; path = Base.lproj/Main.storyboard; sourceTree = "<group>"; };
		794E729528CFB1F5003596CA /* Assets.xcassets */ = {isa = PBXFileReference; lastKnownFileType = folder.assetcatalog; path = Assets.xcassets; sourceTree = "<group>"; };
		794E729828CFB1F5003596CA /* Base */ = {isa = PBXFileReference; lastKnownFileType = file.storyboard; name = Base; path = Base.lproj/LaunchScreen.storyboard; sourceTree = "<group>"; };
		794E729A28CFB1F5003596CA /* Info.plist */ = {isa = PBXFileReference; lastKnownFileType = text.plist.xml; path = Info.plist; sourceTree = "<group>"; };
		794E729F28CFB1F5003596CA /* WeatherAppTests.xctest */ = {isa = PBXFileReference; explicitFileType = wrapper.cfbundle; includeInIndex = 0; path = WeatherAppTests.xctest; sourceTree = BUILT_PRODUCTS_DIR; };
		794E72A328CFB1F6003596CA /* WeatherAppTests.swift */ = {isa = PBXFileReference; lastKnownFileType = sourcecode.swift; path = WeatherAppTests.swift; sourceTree = "<group>"; };
		794E72A928CFB1F6003596CA /* WeatherAppUITests.xctest */ = {isa = PBXFileReference; explicitFileType = wrapper.cfbundle; includeInIndex = 0; path = WeatherAppUITests.xctest; sourceTree = BUILT_PRODUCTS_DIR; };
		794E72AD28CFB1F6003596CA /* WeatherAppUITests.swift */ = {isa = PBXFileReference; lastKnownFileType = sourcecode.swift; path = WeatherAppUITests.swift; sourceTree = "<group>"; };
		794E72AF28CFB1F6003596CA /* WeatherAppUITestsLaunchTests.swift */ = {isa = PBXFileReference; lastKnownFileType = sourcecode.swift; path = WeatherAppUITestsLaunchTests.swift; sourceTree = "<group>"; };
		794E72BF28CFB2BA003596CA /* WeatherData.swift */ = {isa = PBXFileReference; lastKnownFileType = sourcecode.swift; path = WeatherData.swift; sourceTree = "<group>"; };
		794E72C128CFB2C8003596CA /* WeatherManager.swift */ = {isa = PBXFileReference; lastKnownFileType = sourcecode.swift; path = WeatherManager.swift; sourceTree = "<group>"; };
		794E72C328CFB2D5003596CA /* WeatherModel.swift */ = {isa = PBXFileReference; lastKnownFileType = sourcecode.swift; path = WeatherModel.swift; sourceTree = "<group>"; };
		794E72C728CFB48F003596CA /* light_background.pdf */ = {isa = PBXFileReference; lastKnownFileType = image.pdf; name = light_background.pdf; path = "../../Clima-iOS13/Clima/light_background.pdf"; sourceTree = "<group>"; };
		794E72C928CFB4C3003596CA /* light_background.pdf */ = {isa = PBXFileReference; lastKnownFileType = image.pdf; name = light_background.pdf; path = "../Clima-iOS13/Clima/light_background.pdf"; sourceTree = "<group>"; };
/* End PBXFileReference section */

/* Begin PBXFrameworksBuildPhase section */
		794E728628CFB1F2003596CA /* Frameworks */ = {
			isa = PBXFrameworksBuildPhase;
			buildActionMask = 2147483647;
			files = (
			);
			runOnlyForDeploymentPostprocessing = 0;
		};
		794E729C28CFB1F5003596CA /* Frameworks */ = {
			isa = PBXFrameworksBuildPhase;
			buildActionMask = 2147483647;
			files = (
			);
			runOnlyForDeploymentPostprocessing = 0;
		};
		794E72A628CFB1F6003596CA /* Frameworks */ = {
			isa = PBXFrameworksBuildPhase;
			buildActionMask = 2147483647;
			files = (
			);
			runOnlyForDeploymentPostprocessing = 0;
		};
/* End PBXFrameworksBuildPhase section */

/* Begin PBXGroup section */
		794E728028CFB1F2003596CA = {
			isa = PBXGroup;
			children = (
				794E728B28CFB1F2003596CA /* WeatherApp */,
				794E72A228CFB1F6003596CA /* WeatherAppTests */,
				794E72AC28CFB1F6003596CA /* WeatherAppUITests */,
				794E72C928CFB4C3003596CA /* light_background.pdf */,
				794E728A28CFB1F2003596CA /* Products */,
			);
			sourceTree = "<group>";
		};
		794E728A28CFB1F2003596CA /* Products */ = {
			isa = PBXGroup;
			children = (
				794E728928CFB1F2003596CA /* WeatherApp.app */,
				794E729F28CFB1F5003596CA /* WeatherAppTests.xctest */,
				794E72A928CFB1F6003596CA /* WeatherAppUITests.xctest */,
			);
			name = Products;
			sourceTree = "<group>";
		};
		794E728B28CFB1F2003596CA /* WeatherApp */ = {
			isa = PBXGroup;
			children = (
				794E728C28CFB1F2003596CA /* AppDelegate.swift */,
				794E729028CFB1F2003596CA /* ViewController.swift */,
				794E728E28CFB1F2003596CA /* SceneDelegate.swift */,
				794E729228CFB1F2003596CA /* Main.storyboard */,
				794E72BF28CFB2BA003596CA /* WeatherData.swift */,
				794E72C128CFB2C8003596CA /* WeatherManager.swift */,
				794E72C328CFB2D5003596CA /* WeatherModel.swift */,
				794E729528CFB1F5003596CA /* Assets.xcassets */,
				794E729728CFB1F5003596CA /* LaunchScreen.storyboard */,
				794E729A28CFB1F5003596CA /* Info.plist */,
			);
			path = WeatherApp;
			sourceTree = "<group>";
		};
		794E72A228CFB1F6003596CA /* WeatherAppTests */ = {
			isa = PBXGroup;
			children = (
				794E72A328CFB1F6003596CA /* WeatherAppTests.swift */,
			);
			path = WeatherAppTests;
			sourceTree = "<group>";
		};
		794E72AC28CFB1F6003596CA /* WeatherAppUITests */ = {
			isa = PBXGroup;
			children = (
				794E72C728CFB48F003596CA /* light_background.pdf */,
				794E72AD28CFB1F6003596CA /* WeatherAppUITests.swift */,
				794E72AF28CFB1F6003596CA /* WeatherAppUITestsLaunchTests.swift */,
			);
			path = WeatherAppUITests;
			sourceTree = "<group>";
		};
/* End PBXGroup section */

/* Begin PBXNativeTarget section */
		794E728828CFB1F2003596CA /* WeatherApp */ = {
			isa = PBXNativeTarget;
			buildConfigurationList = 794E72B328CFB1F6003596CA /* Build configuration list for PBXNativeTarget "WeatherApp" */;
			buildPhases = (
				794E728528CFB1F2003596CA /* Sources */,
				794E728628CFB1F2003596CA /* Frameworks */,
				794E728728CFB1F2003596CA /* Resources */,
			);
			buildRules = (
			);
			dependencies = (
			);
			name = WeatherApp;
			productName = WeatherApp;
			productReference = 794E728928CFB1F2003596CA /* WeatherApp.app */;
			productType = "com.apple.product-type.application";
		};
		794E729E28CFB1F5003596CA /* WeatherAppTests */ = {
			isa = PBXNativeTarget;
			buildConfigurationList = 794E72B628CFB1F6003596CA /* Build configuration list for PBXNativeTarget "WeatherAppTests" */;
			buildPhases = (
				794E729B28CFB1F5003596CA /* Sources */,
				794E729C28CFB1F5003596CA /* Frameworks */,
				794E729D28CFB1F5003596CA /* Resources */,
			);
			buildRules = (
			);
			dependencies = (
				794E72A128CFB1F6003596CA /* PBXTargetDependency */,
			);
			name = WeatherAppTests;
			productName = WeatherAppTests;
			productReference = 794E729F28CFB1F5003596CA /* WeatherAppTests.xctest */;
			productType = "com.apple.product-type.bundle.unit-test";
		};
		794E72A828CFB1F6003596CA /* WeatherAppUITests */ = {
			isa = PBXNativeTarget;
			buildConfigurationList = 794E72B928CFB1F6003596CA /* Build configuration list for PBXNativeTarget "WeatherAppUITests" */;
			buildPhases = (
				794E72A528CFB1F6003596CA /* Sources */,
				794E72A628CFB1F6003596CA /* Frameworks */,
				794E72A728CFB1F6003596CA /* Resources */,
			);
			buildRules = (
			);
			dependencies = (
				794E72AB28CFB1F6003596CA /* PBXTargetDependency */,
			);
			name = WeatherAppUITests;
			productName = WeatherAppUITests;
			productReference = 794E72A928CFB1F6003596CA /* WeatherAppUITests.xctest */;
			productType = "com.apple.product-type.bundle.ui-testing";
		};
/* End PBXNativeTarget section */

/* Begin PBXProject section */
		794E728128CFB1F2003596CA /* Project object */ = {
			isa = PBXProject;
			attributes = {
				BuildIndependentTargetsInParallel = 1;
				LastSwiftUpdateCheck = 1340;
				LastUpgradeCheck = 1340;
				TargetAttributes = {
					794E728828CFB1F2003596CA = {
						CreatedOnToolsVersion = 13.4;
					};
					794E729E28CFB1F5003596CA = {
						CreatedOnToolsVersion = 13.4;
						TestTargetID = 794E728828CFB1F2003596CA;
					};
					794E72A828CFB1F6003596CA = {
						CreatedOnToolsVersion = 13.4;
						TestTargetID = 794E728828CFB1F2003596CA;
					};
				};
			};
			buildConfigurationList = 794E728428CFB1F2003596CA /* Build configuration list for PBXProject "WeatherApp" */;
			compatibilityVersion = "Xcode 13.0";
			developmentRegion = en;
			hasScannedForEncodings = 0;
			knownRegions = (
				en,
				Base,
			);
			mainGroup = 794E728028CFB1F2003596CA;
			productRefGroup = 794E728A28CFB1F2003596CA /* Products */;
			projectDirPath = "";
			projectRoot = "";
			targets = (
				794E728828CFB1F2003596CA /* WeatherApp */,
				794E729E28CFB1F5003596CA /* WeatherAppTests */,
				794E72A828CFB1F6003596CA /* WeatherAppUITests */,
			);
		};
/* End PBXProject section */

/* Begin PBXResourcesBuildPhase section */
		794E728728CFB1F2003596CA /* Resources */ = {
			isa = PBXResourcesBuildPhase;
			buildActionMask = 2147483647;
			files = (
				794E729928CFB1F5003596CA /* LaunchScreen.storyboard in Resources */,
				794E729628CFB1F5003596CA /* Assets.xcassets in Resources */,
				794E729428CFB1F2003596CA /* Main.storyboard in Resources */,
			);
			runOnlyForDeploymentPostprocessing = 0;
		};
		794E729D28CFB1F5003596CA /* Resources */ = {
			isa = PBXResourcesBuildPhase;
			buildActionMask = 2147483647;
			files = (
			);
			runOnlyForDeploymentPostprocessing = 0;
		};
		794E72A728CFB1F6003596CA /* Resources */ = {
			isa = PBXResourcesBuildPhase;
			buildActionMask = 2147483647;
			files = (
				794E72C828CFB48F003596CA /* light_background.pdf in Resources */,
				794E72CA28CFB4C3003596CA /* light_background.pdf in Resources */,
			);
			runOnlyForDeploymentPostprocessing = 0;
		};
/* End PBXResourcesBuildPhase section */

/* Begin PBXSourcesBuildPhase section */
		794E728528CFB1F2003596CA /* Sources */ = {
			isa = PBXSourcesBuildPhase;
			buildActionMask = 2147483647;
			files = (
				794E72D228CFBD4C003596CA /* ViewController.swift in Sources */,
				794E728D28CFB1F2003596CA /* AppDelegate.swift in Sources */,
				794E72CE28CFBD3E003596CA /* WeatherManager.swift in Sources */,
				794E728F28CFB1F2003596CA /* SceneDelegate.swift in Sources */,
				794E72D028CFBD3E003596CA /* WeatherData.swift in Sources */,
				794E72CF28CFBD3E003596CA /* WeatherModel.swift in Sources */,
			);
			runOnlyForDeploymentPostprocessing = 0;
		};
		794E729B28CFB1F5003596CA /* Sources */ = {
			isa = PBXSourcesBuildPhase;
			buildActionMask = 2147483647;
			files = (
				794E72A428CFB1F6003596CA /* WeatherAppTests.swift in Sources */,
			);
			runOnlyForDeploymentPostprocessing = 0;
		};
		794E72A528CFB1F6003596CA /* Sources */ = {
			isa = PBXSourcesBuildPhase;
			buildActionMask = 2147483647;
			files = (
				794E72AE28CFB1F6003596CA /* WeatherAppUITests.swift in Sources */,
				794E72B028CFB1F6003596CA /* WeatherAppUITestsLaunchTests.swift in Sources */,
			);
			runOnlyForDeploymentPostprocessing = 0;
		};
/* End PBXSourcesBuildPhase section */

/* Begin PBXTargetDependency section */
		794E72A128CFB1F6003596CA /* PBXTargetDependency */ = {
			isa = PBXTargetDependency;
			target = 794E728828CFB1F2003596CA /* WeatherApp */;
			targetProxy = 794E72A028CFB1F6003596CA /* PBXContainerItemProxy */;
		};
		794E72AB28CFB1F6003596CA /* PBXTargetDependency */ = {
			isa = PBXTargetDependency;
			target = 794E728828CFB1F2003596CA /* WeatherApp */;
			targetProxy = 794E72AA28CFB1F6003596CA /* PBXContainerItemProxy */;
		};
/* End PBXTargetDependency section */

/* Begin PBXVariantGroup section */
		794E729228CFB1F2003596CA /* Main.storyboard */ = {
			isa = PBXVariantGroup;
			children = (
				794E729328CFB1F2003596CA /* Base */,
			);
			name = Main.storyboard;
			sourceTree = "<group>";
		};
		794E729728CFB1F5003596CA /* LaunchScreen.storyboard */ = {
			isa = PBXVariantGroup;
			children = (
				794E729828CFB1F5003596CA /* Base */,
			);
			name = LaunchScreen.storyboard;
			sourceTree = "<group>";
		};
/* End PBXVariantGroup section */

/* Begin XCBuildConfiguration section */
		794E72B128CFB1F6003596CA /* Debug */ = {
			isa = XCBuildConfiguration;
			buildSettings = {
				ALWAYS_SEARCH_USER_PATHS = NO;
				CLANG_ANALYZER_NONNULL = YES;
				CLANG_ANALYZER_NUMBER_OBJECT_CONVERSION = YES_AGGRESSIVE;
				CLANG_CXX_LANGUAGE_STANDARD = "gnu++17";
				CLANG_ENABLE_MODULES = YES;
				CLANG_ENABLE_OBJC_ARC = YES;
				CLANG_ENABLE_OBJC_WEAK = YES;
				CLANG_WARN_BLOCK_CAPTURE_AUTORELEASING = YES;
				CLANG_WARN_BOOL_CONVERSION = YES;
				CLANG_WARN_COMMA = YES;
				CLANG_WARN_CONSTANT_CONVERSION = YES;
				CLANG_WARN_DEPRECATED_OBJC_IMPLEMENTATIONS = YES;
				CLANG_WARN_DIRECT_OBJC_ISA_USAGE = YES_ERROR;
				CLANG_WARN_DOCUMENTATION_COMMENTS = YES;
				CLANG_WARN_EMPTY_BODY = YES;
				CLANG_WARN_ENUM_CONVERSION = YES;
				CLANG_WARN_INFINITE_RECURSION = YES;
				CLANG_WARN_INT_CONVERSION = YES;
				CLANG_WARN_NON_LITERAL_NULL_CONVERSION = YES;
				CLANG_WARN_OBJC_IMPLICIT_RETAIN_SELF = YES;
				CLANG_WARN_OBJC_LITERAL_CONVERSION = YES;
				CLANG_WARN_OBJC_ROOT_CLASS = YES_ERROR;
				CLANG_WARN_QUOTED_INCLUDE_IN_FRAMEWORK_HEADER = YES;
				CLANG_WARN_RANGE_LOOP_ANALYSIS = YES;
				CLANG_WARN_STRICT_PROTOTYPES = YES;
				CLANG_WARN_SUSPICIOUS_MOVE = YES;
				CLANG_WARN_UNGUARDED_AVAILABILITY = YES_AGGRESSIVE;
				CLANG_WARN_UNREACHABLE_CODE = YES;
				CLANG_WARN__DUPLICATE_METHOD_MATCH = YES;
				COPY_PHASE_STRIP = NO;
				DEBUG_INFORMATION_FORMAT = dwarf;
				ENABLE_STRICT_OBJC_MSGSEND = YES;
				ENABLE_TESTABILITY = YES;
				GCC_C_LANGUAGE_STANDARD = gnu11;
				GCC_DYNAMIC_NO_PIC = NO;
				GCC_NO_COMMON_BLOCKS = YES;
				GCC_OPTIMIZATION_LEVEL = 0;
				GCC_PREPROCESSOR_DEFINITIONS = (
					"DEBUG=1",
					"$(inherited)",
				);
				GCC_WARN_64_TO_32_BIT_CONVERSION = YES;
				GCC_WARN_ABOUT_RETURN_TYPE = YES_ERROR;
				GCC_WARN_UNDECLARED_SELECTOR = YES;
				GCC_WARN_UNINITIALIZED_AUTOS = YES_AGGRESSIVE;
				GCC_WARN_UNUSED_FUNCTION = YES;
				GCC_WARN_UNUSED_VARIABLE = YES;
				IPHONEOS_DEPLOYMENT_TARGET = 15.5;
				MTL_ENABLE_DEBUG_INFO = INCLUDE_SOURCE;
				MTL_FAST_MATH = YES;
				ONLY_ACTIVE_ARCH = YES;
				SDKROOT = iphoneos;
				SWIFT_ACTIVE_COMPILATION_CONDITIONS = DEBUG;
				SWIFT_OPTIMIZATION_LEVEL = "-Onone";
			};
			name = Debug;
		};
		794E72B228CFB1F6003596CA /* Release */ = {
			isa = XCBuildConfiguration;
			buildSettings = {
				ALWAYS_SEARCH_USER_PATHS = NO;
				CLANG_ANALYZER_NONNULL = YES;
				CLANG_ANALYZER_NUMBER_OBJECT_CONVERSION = YES_AGGRESSIVE;
				CLANG_CXX_LANGUAGE_STANDARD = "gnu++17";
				CLANG_ENABLE_MODULES = YES;
				CLANG_ENABLE_OBJC_ARC = YES;
				CLANG_ENABLE_OBJC_WEAK = YES;
				CLANG_WARN_BLOCK_CAPTURE_AUTORELEASING = YES;
				CLANG_WARN_BOOL_CONVERSION = YES;
				CLANG_WARN_COMMA = YES;
				CLANG_WARN_CONSTANT_CONVERSION = YES;
				CLANG_WARN_DEPRECATED_OBJC_IMPLEMENTATIONS = YES;
				CLANG_WARN_DIRECT_OBJC_ISA_USAGE = YES_ERROR;
				CLANG_WARN_DOCUMENTATION_COMMENTS = YES;
				CLANG_WARN_EMPTY_BODY = YES;
				CLANG_WARN_ENUM_CONVERSION = YES;
				CLANG_WARN_INFINITE_RECURSION = YES;
				CLANG_WARN_INT_CONVERSION = YES;
				CLANG_WARN_NON_LITERAL_NULL_CONVERSION = YES;
				CLANG_WARN_OBJC_IMPLICIT_RETAIN_SELF = YES;
				CLANG_WARN_OBJC_LITERAL_CONVERSION = YES;
				CLANG_WARN_OBJC_ROOT_CLASS = YES_ERROR;
				CLANG_WARN_QUOTED_INCLUDE_IN_FRAMEWORK_HEADER = YES;
				CLANG_WARN_RANGE_LOOP_ANALYSIS = YES;
				CLANG_WARN_STRICT_PROTOTYPES = YES;
				CLANG_WARN_SUSPICIOUS_MOVE = YES;
				CLANG_WARN_UNGUARDED_AVAILABILITY = YES_AGGRESSIVE;
				CLANG_WARN_UNREACHABLE_CODE = YES;
				CLANG_WARN__DUPLICATE_METHOD_MATCH = YES;
				COPY_PHASE_STRIP = NO;
				DEBUG_INFORMATION_FORMAT = "dwarf-with-dsym";
				ENABLE_NS_ASSERTIONS = NO;
				ENABLE_STRICT_OBJC_MSGSEND = YES;
				GCC_C_LANGUAGE_STANDARD = gnu11;
				GCC_NO_COMMON_BLOCKS = YES;
				GCC_WARN_64_TO_32_BIT_CONVERSION = YES;
				GCC_WARN_ABOUT_RETURN_TYPE = YES_ERROR;
				GCC_WARN_UNDECLARED_SELECTOR = YES;
				GCC_WARN_UNINITIALIZED_AUTOS = YES_AGGRESSIVE;
				GCC_WARN_UNUSED_FUNCTION = YES;
				GCC_WARN_UNUSED_VARIABLE = YES;
				IPHONEOS_DEPLOYMENT_TARGET = 15.5;
				MTL_ENABLE_DEBUG_INFO = NO;
				MTL_FAST_MATH = YES;
				SDKROOT = iphoneos;
				SWIFT_COMPILATION_MODE = wholemodule;
				SWIFT_OPTIMIZATION_LEVEL = "-O";
				VALIDATE_PRODUCT = YES;
			};
			name = Release;
		};
		794E72B428CFB1F6003596CA /* Debug */ = {
			isa = XCBuildConfiguration;
			buildSettings = {
				ASSETCATALOG_COMPILER_APPICON_NAME = AppIcon;
				ASSETCATALOG_COMPILER_GLOBAL_ACCENT_COLOR_NAME = AccentColor;
				CODE_SIGN_STYLE = Automatic;
				CURRENT_PROJECT_VERSION = 1;
				DEVELOPMENT_TEAM = 5ZFZHP8SXG;
				GENERATE_INFOPLIST_FILE = YES;
				INFOPLIST_FILE = WeatherApp/Info.plist;
				INFOPLIST_KEY_UIApplicationSupportsIndirectInputEvents = YES;
				INFOPLIST_KEY_UILaunchStoryboardName = LaunchScreen;
				INFOPLIST_KEY_UIMainStoryboardFile = Main;
				INFOPLIST_KEY_UISupportedInterfaceOrientations_iPad = "UIInterfaceOrientationPortrait UIInterfaceOrientationPortraitUpsideDown UIInterfaceOrientationLandscapeLeft UIInterfaceOrientationLandscapeRight";
				INFOPLIST_KEY_UISupportedInterfaceOrientations_iPhone = "UIInterfaceOrientationPortrait UIInterfaceOrientationLandscapeLeft UIInterfaceOrientationLandscapeRight";
				LD_RUNPATH_SEARCH_PATHS = (
					"$(inherited)",
					"@executable_path/Frameworks",
				);
				MARKETING_VERSION = 1.0;
				PRODUCT_BUNDLE_IDENTIFIER = com.pallav.WeatherApp;
				PRODUCT_NAME = "$(TARGET_NAME)";
				SWIFT_EMIT_LOC_STRINGS = YES;
				SWIFT_VERSION = 5.0;
				TARGETED_DEVICE_FAMILY = "1,2";
			};
			name = Debug;
		};
		794E72B528CFB1F6003596CA /* Release */ = {
			isa = XCBuildConfiguration;
			buildSettings = {
				ASSETCATALOG_COMPILER_APPICON_NAME = AppIcon;
				ASSETCATALOG_COMPILER_GLOBAL_ACCENT_COLOR_NAME = AccentColor;
				CODE_SIGN_STYLE = Automatic;
				CURRENT_PROJECT_VERSION = 1;
				DEVELOPMENT_TEAM = 5ZFZHP8SXG;
				GENERATE_INFOPLIST_FILE = YES;
				INFOPLIST_FILE = WeatherApp/Info.plist;
				INFOPLIST_KEY_UIApplicationSupportsIndirectInputEvents = YES;
				INFOPLIST_KEY_UILaunchStoryboardName = LaunchScreen;
				INFOPLIST_KEY_UIMainStoryboardFile = Main;
				INFOPLIST_KEY_UISupportedInterfaceOrientations_iPad = "UIInterfaceOrientationPortrait UIInterfaceOrientationPortraitUpsideDown UIInterfaceOrientationLandscapeLeft UIInterfaceOrientationLandscapeRight";
				INFOPLIST_KEY_UISupportedInterfaceOrientations_iPhone = "UIInterfaceOrientationPortrait UIInterfaceOrientationLandscapeLeft UIInterfaceOrientationLandscapeRight";
				LD_RUNPATH_SEARCH_PATHS = (
					"$(inherited)",
					"@executable_path/Frameworks",
				);
				MARKETING_VERSION = 1.0;
				PRODUCT_BUNDLE_IDENTIFIER = com.pallav.WeatherApp;
				PRODUCT_NAME = "$(TARGET_NAME)";
				SWIFT_EMIT_LOC_STRINGS = YES;
				SWIFT_VERSION = 5.0;
				TARGETED_DEVICE_FAMILY = "1,2";
			};
			name = Release;
		};
		794E72B728CFB1F6003596CA /* Debug */ = {
			isa = XCBuildConfiguration;
			buildSettings = {
				ALWAYS_EMBED_SWIFT_STANDARD_LIBRARIES = YES;
				BUNDLE_LOADER = "$(TEST_HOST)";
				CODE_SIGN_STYLE = Automatic;
				CURRENT_PROJECT_VERSION = 1;
				DEVELOPMENT_TEAM = 5ZFZHP8SXG;
				GENERATE_INFOPLIST_FILE = YES;
				IPHONEOS_DEPLOYMENT_TARGET = 15.5;
				MARKETING_VERSION = 1.0;
				PRODUCT_BUNDLE_IDENTIFIER = com.pallav.WeatherAppTests;
				PRODUCT_NAME = "$(TARGET_NAME)";
				SWIFT_EMIT_LOC_STRINGS = NO;
				SWIFT_VERSION = 5.0;
				TARGETED_DEVICE_FAMILY = "1,2";
				TEST_HOST = "$(BUILT_PRODUCTS_DIR)/WeatherApp.app/WeatherApp";
			};
			name = Debug;
		};
		794E72B828CFB1F6003596CA /* Release */ = {
			isa = XCBuildConfiguration;
			buildSettings = {
				ALWAYS_EMBED_SWIFT_STANDARD_LIBRARIES = YES;
				BUNDLE_LOADER = "$(TEST_HOST)";
				CODE_SIGN_STYLE = Automatic;
				CURRENT_PROJECT_VERSION = 1;
				DEVELOPMENT_TEAM = 5ZFZHP8SXG;
				GENERATE_INFOPLIST_FILE = YES;
				IPHONEOS_DEPLOYMENT_TARGET = 15.5;
				MARKETING_VERSION = 1.0;
				PRODUCT_BUNDLE_IDENTIFIER = com.pallav.WeatherAppTests;
				PRODUCT_NAME = "$(TARGET_NAME)";
				SWIFT_EMIT_LOC_STRINGS = NO;
				SWIFT_VERSION = 5.0;
				TARGETED_DEVICE_FAMILY = "1,2";
				TEST_HOST = "$(BUILT_PRODUCTS_DIR)/WeatherApp.app/WeatherApp";
			};
			name = Release;
		};
		794E72BA28CFB1F6003596CA /* Debug */ = {
			isa = XCBuildConfiguration;
			buildSettings = {
				ALWAYS_EMBED_SWIFT_STANDARD_LIBRARIES = YES;
				CODE_SIGN_STYLE = Automatic;
				CURRENT_PROJECT_VERSION = 1;
				DEVELOPMENT_TEAM = 5ZFZHP8SXG;
				GENERATE_INFOPLIST_FILE = YES;
				MARKETING_VERSION = 1.0;
				PRODUCT_BUNDLE_IDENTIFIER = com.pallav.WeatherAppUITests;
				PRODUCT_NAME = "$(TARGET_NAME)";
				SWIFT_EMIT_LOC_STRINGS = NO;
				SWIFT_VERSION = 5.0;
				TARGETED_DEVICE_FAMILY = "1,2";
				TEST_TARGET_NAME = WeatherApp;
			};
			name = Debug;
		};
		794E72BB28CFB1F6003596CA /* Release */ = {
			isa = XCBuildConfiguration;
			buildSettings = {
				ALWAYS_EMBED_SWIFT_STANDARD_LIBRARIES = YES;
				CODE_SIGN_STYLE = Automatic;
				CURRENT_PROJECT_VERSION = 1;
				DEVELOPMENT_TEAM = 5ZFZHP8SXG;
				GENERATE_INFOPLIST_FILE = YES;
				MARKETING_VERSION = 1.0;
				PRODUCT_BUNDLE_IDENTIFIER = com.pallav.WeatherAppUITests;
				PRODUCT_NAME = "$(TARGET_NAME)";
				SWIFT_EMIT_LOC_STRINGS = NO;
				SWIFT_VERSION = 5.0;
				TARGETED_DEVICE_FAMILY = "1,2";
				TEST_TARGET_NAME = WeatherApp;
			};
			name = Release;
		};
/* End XCBuildConfiguration section */

/* Begin XCConfigurationList section */
		794E728428CFB1F2003596CA /* Build configuration list for PBXProject "WeatherApp" */ = {
			isa = XCConfigurationList;
			buildConfigurations = (
				794E72B128CFB1F6003596CA /* Debug */,
				794E72B228CFB1F6003596CA /* Release */,
			);
			defaultConfigurationIsVisible = 0;
			defaultConfigurationName = Release;
		};
		794E72B328CFB1F6003596CA /* Build configuration list for PBXNativeTarget "WeatherApp" */ = {
			isa = XCConfigurationList;
			buildConfigurations = (
				794E72B428CFB1F6003596CA /* Debug */,
				794E72B528CFB1F6003596CA /* Release */,
			);
			defaultConfigurationIsVisible = 0;
			defaultConfigurationName = Release;
		};
		794E72B628CFB1F6003596CA /* Build configuration list for PBXNativeTarget "WeatherAppTests" */ = {
			isa = XCConfigurationList;
			buildConfigurations = (
				794E72B728CFB1F6003596CA /* Debug */,
				794E72B828CFB1F6003596CA /* Release */,
			);
			defaultConfigurationIsVisible = 0;
			defaultConfigurationName = Release;
		};
		794E72B928CFB1F6003596CA /* Build configuration list for PBXNativeTarget "WeatherAppUITests" */ = {
			isa = XCConfigurationList;
			buildConfigurations = (
				794E72BA28CFB1F6003596CA /* Debug */,
				794E72BB28CFB1F6003596CA /* Release */,
			);
			defaultConfigurationIsVisible = 0;
			defaultConfigurationName = Release;
		};
/* End XCConfigurationList section */
	};
	rootObject = 794E728128CFB1F2003596CA /* Project object */;
}
